
Microsoft Visual Studio Solution File, Format Version 12.00
# Visual Studio 15
VisualStudioVersion = 15.0.27428.2027
MinimumVisualStudioVersion = 10.0.40219.1
Project("{9A19103F-16F7-4668-BE54-9A1E7A4F7556}") = "WebForums", "WebForums\WebForums.csproj", "{4304BA9B-E462-4F93-AF1A-CEFC93F80976}"
EndProject
Project("{9A19103F-16F7-4668-BE54-9A1E7A4F7556}") = "WebForums.Data", "WebForums.Data\WebForums.Data.csproj", "{5C2108F3-F3FA-4DD1-B8B2-0BAB17D884F1}"
EndProject
Project("{FAE04EC0-301F-11D3-BF4B-00C04F79EFBC}") = "WebForums.Service", "WebForums.Service\WebForums.Service.csproj", "{D9154BD3-D276-44E3-9A54-09BAAD2E8566}"
EndProject
Global
	GlobalSection(SolutionConfigurationPlatforms) = preSolution
		Debug|Any CPU = Debug|Any CPU
		Release|Any CPU = Release|Any CPU
	EndGlobalSection
	GlobalSection(ProjectConfigurationPlatforms) = postSolution
		{4304BA9B-E462-4F93-AF1A-CEFC93F80976}.Debug|Any CPU.ActiveCfg = Debug|Any CPU
		{4304BA9B-E462-4F93-AF1A-CEFC93F80976}.Debug|Any CPU.Build.0 = Debug|Any CPU
		{4304BA9B-E462-4F93-AF1A-CEFC93F80976}.Release|Any CPU.ActiveCfg = Release|Any CPU
		{4304BA9B-E462-4F93-AF1A-CEFC93F80976}.Release|Any CPU.Build.0 = Release|Any CPU
		{5C2108F3-F3FA-4DD1-B8B2-0BAB17D884F1}.Debug|Any CPU.ActiveCfg = Debug|Any CPU
		{5C2108F3-F3FA-4DD1-B8B2-0BAB17D884F1}.Debug|Any CPU.Build.0 = Debug|Any CPU
		{5C2108F3-F3FA-4DD1-B8B2-0BAB17D884F1}.Release|Any CPU.ActiveCfg = Release|Any CPU
		{5C2108F3-F3FA-4DD1-B8B2-0BAB17D884F1}.Release|Any CPU.Build.0 = Release|Any CPU
		{D9154BD3-D276-44E3-9A54-09BAAD2E8566}.Debug|Any CPU.ActiveCfg = Debug|Any CPU
		{D9154BD3-D276-44E3-9A54-09BAAD2E8566}.Debug|Any CPU.Build.0 = Debug|Any CPU
		{D9154BD3-D276-44E3-9A54-09BAAD2E8566}.Release|Any CPU.ActiveCfg = Release|Any CPU
		{D9154BD3-D276-44E3-9A54-09BAAD2E8566}.Release|Any CPU.Build.0 = Release|Any CPU
	EndGlobalSection
	GlobalSection(SolutionProperties) = preSolution
		HideSolutionNode = FALSE
	EndGlobalSection
	GlobalSection(ExtensibilityGlobals) = postSolution
		SolutionGuid = {7575FE48-2BFA-4AC4-B33D-8525D56D3EFF}
	EndGlobalSection
EndGlobal
